
Microsoft Visual Studio Solution File, Format Version 12.00
# Visual Studio Version 16
VisualStudioVersion = 16.0.30320.27
MinimumVisualStudioVersion = 10.0.40219.1
Project("{FAE04EC0-301F-11D3-BF4B-00C04F79EFBC}") = "BinarySearchTree", "BinarySearchTree\BinarySearchTree.csproj", "{7C6CE079-C35B-46D1-9F5E-43FF6CCE9AEA}"
EndProject
Project("{FAE04EC0-301F-11D3-BF4B-00C04F79EFBC}") = "BinarySearchTreeTest", "UnitTestProject1\BinarySearchTreeTest.csproj", "{9B18D35F-CD16-4E71-81D3-94C11A9437A5}"
EndProject
Global
	GlobalSection(SolutionConfigurationPlatforms) = preSolution
		Debug|Any CPU = Debug|Any CPU
		Release|Any CPU = Release|Any CPU
	EndGlobalSection
	GlobalSection(ProjectConfigurationPlatforms) = postSolution
		{7C6CE079-C35B-46D1-9F5E-43FF6CCE9AEA}.Debug|Any CPU.ActiveCfg = Debug|Any CPU
		{7C6CE079-C35B-46D1-9F5E-43FF6CCE9AEA}.Debug|Any CPU.Build.0 = Debug|Any CPU
		{7C6CE079-C35B-46D1-9F5E-43FF6CCE9AEA}.Release|Any CPU.ActiveCfg = Release|Any CPU
		{7C6CE079-C35B-46D1-9F5E-43FF6CCE9AEA}.Release|Any CPU.Build.0 = Release|Any CPU
		{9B18D35F-CD16-4E71-81D3-94C11A9437A5}.Debug|Any CPU.ActiveCfg = Debug|Any CPU
		{9B18D35F-CD16-4E71-81D3-94C11A9437A5}.Debug|Any CPU.Build.0 = Debug|Any CPU
		{9B18D35F-CD16-4E71-81D3-94C11A9437A5}.Release|Any CPU.ActiveCfg = Release|Any CPU
		{9B18D35F-CD16-4E71-81D3-94C11A9437A5}.Release|Any CPU.Build.0 = Release|Any CPU
	EndGlobalSection
	GlobalSection(SolutionProperties) = preSolution
		HideSolutionNode = FALSE
	EndGlobalSection
	GlobalSection(ExtensibilityGlobals) = postSolution
		SolutionGuid = {BB7566D8-CDA1-44C7-90E2-54BDCA16D4AC}
	EndGlobalSection
EndGlobal
